# @generated by Move, please check-in and do not edit manually.

[move]
version = 3
manifest_digest = "27EE9BFA5372D57B32CBD10278693D7D73C940EC6AA7F7A05EA1A3D2826A2BAA"
deps_digest = "F8BBB0CCB2491CA29A3DF03D6F92277A4F3574266507ACD77214D37ECA3F3082"
dependencies = [
  { id = "Sui", name = "Sui" },
]

[[move.package]]
id = "MoveStdlib"
source = { git = "https://github.com/MystenLabs/sui.git", rev = "framework/testnet", subdir = "crates/sui-framework/packages/move-stdlib" }

[[move.package]]
id = "Sui"
source = { git = "https://github.com/MystenLabs/sui.git", rev = "framework/testnet", subdir = "crates/sui-framework/packages/sui-framework" }

dependencies = [
  { id = "MoveStdlib", name = "MoveStdlib" },
]

[move.toolchain-version]
compiler-version = "1.62.0"
edition = "2024.beta"
flavor = "sui"

[env]

[env.testnet]
chain-id = "4c78adac"
original-published-id = "0xcb9f991b8eab545a37d1c2003b0b609c057a0a06a72ccde19ce38402cac263b7"
latest-published-id = "0xcb9f991b8eab545a37d1c2003b0b609c057a0a06a72ccde19ce38402cac263b7"
published-version = "1"
